// !$*UTF8*$!
{
	archiveVersion = 1;
	classes = {
	};
	objectVersion = 50;
	objects = {

/* Begin PBXBuildFile section */
		18AFBE82A1BD5E5364A67A1B /* libPods-WeChat.a in Frameworks */ = {isa = PBXBuildFile; fileRef = 5652D0930EE601B79204C051 /* libPods-WeChat.a */; };
		521BF3402126563A00D9F58A /* AppDelegate.m in Sources */ = {isa = PBXBuildFile; fileRef = 521BF33F2126563A00D9F58A /* AppDelegate.m */; };
		521BF3482126563C00D9F58A /* Assets.xcassets in Resources */ = {isa = PBXBuildFile; fileRef = 521BF3472126563C00D9F58A /* Assets.xcassets */; };
		521BF34E2126563C00D9F58A /* main.m in Sources */ = {isa = PBXBuildFile; fileRef = 521BF34D2126563C00D9F58A /* main.m */; };
		521BF3582126563C00D9F58A /* WeChatTests.m in Sources */ = {isa = PBXBuildFile; fileRef = 521BF3572126563C00D9F58A /* WeChatTests.m */; };
		521BF3632126563C00D9F58A /* WeChatUITests.m in Sources */ = {isa = PBXBuildFile; fileRef = 521BF3622126563C00D9F58A /* WeChatUITests.m */; };
		521BF372212656FA00D9F58A /* WCBaseViewController.m in Sources */ = {isa = PBXBuildFile; fileRef = 521BF371212656FA00D9F58A /* WCBaseViewController.m */; };
		521BF37D2126627D00D9F58A /* WCLoginViewController.m in Sources */ = {isa = PBXBuildFile; fileRef = 521BF37C2126627D00D9F58A /* WCLoginViewController.m */; };
		521BF3832126681D00D9F58A /* Utilities.m in Sources */ = {isa = PBXBuildFile; fileRef = 521BF3822126681D00D9F58A /* Utilities.m */; };
		521BF3862126A69D00D9F58A /* 蓝色选框-圆角.png in Resources */ = {isa = PBXBuildFile; fileRef = 521BF3852126A69D00D9F58A /* 蓝色选框-圆角.png */; };
		521BF3892126B56400D9F58A /* WCFrogetPasswordViewController.m in Sources */ = {isa = PBXBuildFile; fileRef = 521BF3882126B56400D9F58A /* WCFrogetPasswordViewController.m */; };
		521BF38C2126B57F00D9F58A /* WCQuestionViewController.m in Sources */ = {isa = PBXBuildFile; fileRef = 521BF38B2126B57F00D9F58A /* WCQuestionViewController.m */; };
		528D5B0F212A6D370014FAAF /* WCTabBarController.m in Sources */ = {isa = PBXBuildFile; fileRef = 528D5B0E212A6D370014FAAF /* WCTabBarController.m */; };
		528D5B12212A87DA0014FAAF /* WCMyDetailViewController.m in Sources */ = {isa = PBXBuildFile; fileRef = 528D5B11212A87DA0014FAAF /* WCMyDetailViewController.m */; };
		528D5B15212A87F60014FAAF /* WCChatListViewController.m in Sources */ = {isa = PBXBuildFile; fileRef = 528D5B14212A87F60014FAAF /* WCChatListViewController.m */; };
		528D5B19212A88220014FAAF /* WCSearchListViewController.m in Sources */ = {isa = PBXBuildFile; fileRef = 528D5B18212A88220014FAAF /* WCSearchListViewController.m */; };
		528D5B1C212A8A6D0014FAAF /* WCTabBarNavigation.m in Sources */ = {isa = PBXBuildFile; fileRef = 528D5B1B212A8A6D0014FAAF /* WCTabBarNavigation.m */; };
		528D5B2C212A98770014FAAF /* WCMainViewController.m in Sources */ = {isa = PBXBuildFile; fileRef = 528D5B2B212A98770014FAAF /* WCMainViewController.m */; };
		528D5B30212AC6CB0014FAAF /* WCSocketConnect.m in Sources */ = {isa = PBXBuildFile; fileRef = 528D5B2F212AC6CB0014FAAF /* WCSocketConnect.m */; };
		528D5B33212BEC840014FAAF /* WCMainTableViewCell.m in Sources */ = {isa = PBXBuildFile; fileRef = 528D5B32212BEC840014FAAF /* WCMainTableViewCell.m */; };
		528D5B39212BF05F0014FAAF /* WCChatListTableViewCell.m in Sources */ = {isa = PBXBuildFile; fileRef = 528D5B38212BF05F0014FAAF /* WCChatListTableViewCell.m */; };
		528D5B4B212CF0A30014FAAF /* WCMessageViewController.m in Sources */ = {isa = PBXBuildFile; fileRef = 528D5B4A212CF0A30014FAAF /* WCMessageViewController.m */; };
		528D5B4E212CF0D70014FAAF /* WCMessageTableViewCell.m in Sources */ = {isa = PBXBuildFile; fileRef = 528D5B4D212CF0D70014FAAF /* WCMessageTableViewCell.m */; };
		528D5B56212CF28D0014FAAF /* WCSearchFriendsViewController.m in Sources */ = {isa = PBXBuildFile; fileRef = 528D5B55212CF28D0014FAAF /* WCSearchFriendsViewController.m */; };
		528D5B58212CF5130014FAAF /* back.png in Resources */ = {isa = PBXBuildFile; fileRef = 528D5B57212CF5130014FAAF /* back.png */; };
		528D5B5B212CF93E0014FAAF /* WCPhoneLoginViewController.m in Sources */ = {isa = PBXBuildFile; fileRef = 528D5B5A212CF93E0014FAAF /* WCPhoneLoginViewController.m */; };
/* End PBXBuildFile section */

/* Begin PBXContainerItemProxy section */
		521BF3542126563C00D9F58A /* PBXContainerItemProxy */ = {
			isa = PBXContainerItemProxy;
			containerPortal = 521BF3332126563A00D9F58A /* Project object */;
			proxyType = 1;
			remoteGlobalIDString = 521BF33A2126563A00D9F58A;
			remoteInfo = WeChat;
		};
		521BF35F2126563C00D9F58A /* PBXContainerItemProxy */ = {
			isa = PBXContainerItemProxy;
			containerPortal = 521BF3332126563A00D9F58A /* Project object */;
			proxyType = 1;
			remoteGlobalIDString = 521BF33A2126563A00D9F58A;
			remoteInfo = WeChat;
		};
/* End PBXContainerItemProxy section */

/* Begin PBXFileReference section */
		521BF33B2126563A00D9F58A /* WeChat.app */ = {isa = PBXFileReference; explicitFileType = wrapper.application; includeInIndex = 0; path = WeChat.app; sourceTree = BUILT_PRODUCTS_DIR; };
		521BF33E2126563A00D9F58A /* AppDelegate.h */ = {isa = PBXFileReference; lastKnownFileType = sourcecode.c.h; path = AppDelegate.h; sourceTree = "<group>"; };
		521BF33F2126563A00D9F58A /* AppDelegate.m */ = {isa = PBXFileReference; lastKnownFileType = sourcecode.c.objc; path = AppDelegate.m; sourceTree = "<group>"; };
		521BF3472126563C00D9F58A /* Assets.xcassets */ = {isa = PBXFileReference; lastKnownFileType = folder.assetcatalog; path = Assets.xcassets; sourceTree = "<group>"; };
		521BF34C2126563C00D9F58A /* Info.plist */ = {isa = PBXFileReference; lastKnownFileType = text.plist.xml; path = Info.plist; sourceTree = "<group>"; };
		521BF34D2126563C00D9F58A /* main.m */ = {isa = PBXFileReference; lastKnownFileType = sourcecode.c.objc; path = main.m; sourceTree = "<group>"; };
		521BF3532126563C00D9F58A /* WeChatTests.xctest */ = {isa = PBXFileReference; explicitFileType = wrapper.cfbundle; includeInIndex = 0; path = WeChatTests.xctest; sourceTree = BUILT_PRODUCTS_DIR; };
		521BF3572126563C00D9F58A /* WeChatTests.m */ = {isa = PBXFileReference; lastKnownFileType = sourcecode.c.objc; path = WeChatTests.m; sourceTree = "<group>"; };
		521BF3592126563C00D9F58A /* Info.plist */ = {isa = PBXFileReference; lastKnownFileType = text.plist.xml; path = Info.plist; sourceTree = "<group>"; };
		521BF35E2126563C00D9F58A /* WeChatUITests.xctest */ = {isa = PBXFileReference; explicitFileType = wrapper.cfbundle; includeInIndex = 0; path = WeChatUITests.xctest; sourceTree = BUILT_PRODUCTS_DIR; };
		521BF3622126563C00D9F58A /* WeChatUITests.m */ = {isa = PBXFileReference; lastKnownFileType = sourcecode.c.objc; path = WeChatUITests.m; sourceTree = "<group>"; };
		521BF3642126563C00D9F58A /* Info.plist */ = {isa = PBXFileReference; lastKnownFileType = text.plist.xml; path = Info.plist; sourceTree = "<group>"; };
		521BF370212656FA00D9F58A /* WCBaseViewController.h */ = {isa = PBXFileReference; lastKnownFileType = sourcecode.c.h; path = WCBaseViewController.h; sourceTree = "<group>"; };
		521BF371212656FA00D9F58A /* WCBaseViewController.m */ = {isa = PBXFileReference; lastKnownFileType = sourcecode.c.objc; path = WCBaseViewController.m; sourceTree = "<group>"; };
		521BF37B2126627D00D9F58A /* WCLoginViewController.h */ = {isa = PBXFileReference; lastKnownFileType = sourcecode.c.h; path = WCLoginViewController.h; sourceTree = "<group>"; };
		521BF37C2126627D00D9F58A /* WCLoginViewController.m */ = {isa = PBXFileReference; lastKnownFileType = sourcecode.c.objc; path = WCLoginViewController.m; sourceTree = "<group>"; };
		521BF3812126681D00D9F58A /* Utilities.h */ = {isa = PBXFileReference; lastKnownFileType = sourcecode.c.h; path = Utilities.h; sourceTree = "<group>"; };
		521BF3822126681D00D9F58A /* Utilities.m */ = {isa = PBXFileReference; lastKnownFileType = sourcecode.c.objc; path = Utilities.m; sourceTree = "<group>"; };
		521BF3852126A69D00D9F58A /* 蓝色选框-圆角.png */ = {isa = PBXFileReference; lastKnownFileType = image.png; path = "蓝色选框-圆角.png"; sourceTree = "<group>"; };
		521BF3872126B56400D9F58A /* WCFrogetPasswordViewController.h */ = {isa = PBXFileReference; lastKnownFileType = sourcecode.c.h; path = WCFrogetPasswordViewController.h; sourceTree = "<group>"; };
		521BF3882126B56400D9F58A /* WCFrogetPasswordViewController.m */ = {isa = PBXFileReference; lastKnownFileType = sourcecode.c.objc; path = WCFrogetPasswordViewController.m; sourceTree = "<group>"; };
		521BF38A2126B57F00D9F58A /* WCQuestionViewController.h */ = {isa = PBXFileReference; lastKnownFileType = sourcecode.c.h; path = WCQuestionViewController.h; sourceTree = "<group>"; };
		521BF38B2126B57F00D9F58A /* WCQuestionViewController.m */ = {isa = PBXFileReference; lastKnownFileType = sourcecode.c.objc; path = WCQuestionViewController.m; sourceTree = "<group>"; };
		5275E675A0D8B93E609394C7 /* Pods-WeChat.debug.xcconfig */ = {isa = PBXFileReference; includeInIndex = 1; lastKnownFileType = text.xcconfig; name = "Pods-WeChat.debug.xcconfig"; path = "Pods/Target Support Files/Pods-WeChat/Pods-WeChat.debug.xcconfig"; sourceTree = "<group>"; };
		528D5B0D212A6D370014FAAF /* WCTabBarController.h */ = {isa = PBXFileReference; lastKnownFileType = sourcecode.c.h; path = WCTabBarController.h; sourceTree = "<group>"; };
		528D5B0E212A6D370014FAAF /* WCTabBarController.m */ = {isa = PBXFileReference; lastKnownFileType = sourcecode.c.objc; path = WCTabBarController.m; sourceTree = "<group>"; };
		528D5B10212A87DA0014FAAF /* WCMyDetailViewController.h */ = {isa = PBXFileReference; lastKnownFileType = sourcecode.c.h; path = WCMyDetailViewController.h; sourceTree = "<group>"; };
		528D5B11212A87DA0014FAAF /* WCMyDetailViewController.m */ = {isa = PBXFileReference; lastKnownFileType = sourcecode.c.objc; path = WCMyDetailViewController.m; sourceTree = "<group>"; };
		528D5B13212A87F60014FAAF /* WCChatListViewController.h */ = {isa = PBXFileReference; lastKnownFileType = sourcecode.c.h; path = WCChatListViewController.h; sourceTree = "<group>"; };
		528D5B14212A87F60014FAAF /* WCChatListViewController.m */ = {isa = PBXFileReference; lastKnownFileType = sourcecode.c.objc; path = WCChatListViewController.m; sourceTree = "<group>"; };
		528D5B17212A88220014FAAF /* WCSearchListViewController.h */ = {isa = PBXFileReference; lastKnownFileType = sourcecode.c.h; path = WCSearchListViewController.h; sourceTree = "<group>"; };
		528D5B18212A88220014FAAF /* WCSearchListViewController.m */ = {isa = PBXFileReference; lastKnownFileType = sourcecode.c.objc; path = WCSearchListViewController.m; sourceTree = "<group>"; };
		528D5B1A212A8A6D0014FAAF /* WCTabBarNavigation.h */ = {isa = PBXFileReference; lastKnownFileType = sourcecode.c.h; path = WCTabBarNavigation.h; sourceTree = "<group>"; };
		528D5B1B212A8A6D0014FAAF /* WCTabBarNavigation.m */ = {isa = PBXFileReference; lastKnownFileType = sourcecode.c.objc; path = WCTabBarNavigation.m; sourceTree = "<group>"; };
		528D5B2A212A98770014FAAF /* WCMainViewController.h */ = {isa = PBXFileReference; lastKnownFileType = sourcecode.c.h; path = WCMainViewController.h; sourceTree = "<group>"; };
		528D5B2B212A98770014FAAF /* WCMainViewController.m */ = {isa = PBXFileReference; lastKnownFileType = sourcecode.c.objc; path = WCMainViewController.m; sourceTree = "<group>"; };
		528D5B2E212AC6CB0014FAAF /* WCSocketConnect.h */ = {isa = PBXFileReference; lastKnownFileType = sourcecode.c.h; path = WCSocketConnect.h; sourceTree = "<group>"; };
		528D5B2F212AC6CB0014FAAF /* WCSocketConnect.m */ = {isa = PBXFileReference; lastKnownFileType = sourcecode.c.objc; path = WCSocketConnect.m; sourceTree = "<group>"; };
		528D5B31212BEC840014FAAF /* WCMainTableViewCell.h */ = {isa = PBXFileReference; lastKnownFileType = sourcecode.c.h; path = WCMainTableViewCell.h; sourceTree = "<group>"; };
		528D5B32212BEC840014FAAF /* WCMainTableViewCell.m */ = {isa = PBXFileReference; lastKnownFileType = sourcecode.c.objc; path = WCMainTableViewCell.m; sourceTree = "<group>"; };
		528D5B37212BF05F0014FAAF /* WCChatListTableViewCell.h */ = {isa = PBXFileReference; lastKnownFileType = sourcecode.c.h; path = WCChatListTableViewCell.h; sourceTree = "<group>"; };
		528D5B38212BF05F0014FAAF /* WCChatListTableViewCell.m */ = {isa = PBXFileReference; lastKnownFileType = sourcecode.c.objc; path = WCChatListTableViewCell.m; sourceTree = "<group>"; };
		528D5B49212CF0A30014FAAF /* WCMessageViewController.h */ = {isa = PBXFileReference; lastKnownFileType = sourcecode.c.h; path = WCMessageViewController.h; sourceTree = "<group>"; };
		528D5B4A212CF0A30014FAAF /* WCMessageViewController.m */ = {isa = PBXFileReference; lastKnownFileType = sourcecode.c.objc; path = WCMessageViewController.m; sourceTree = "<group>"; };
		528D5B4C212CF0D70014FAAF /* WCMessageTableViewCell.h */ = {isa = PBXFileReference; lastKnownFileType = sourcecode.c.h; path = WCMessageTableViewCell.h; sourceTree = "<group>"; };
		528D5B4D212CF0D70014FAAF /* WCMessageTableViewCell.m */ = {isa = PBXFileReference; lastKnownFileType = sourcecode.c.objc; path = WCMessageTableViewCell.m; sourceTree = "<group>"; };
		528D5B54212CF28D0014FAAF /* WCSearchFriendsViewController.h */ = {isa = PBXFileReference; lastKnownFileType = sourcecode.c.h; path = WCSearchFriendsViewController.h; sourceTree = "<group>"; };
		528D5B55212CF28D0014FAAF /* WCSearchFriendsViewController.m */ = {isa = PBXFileReference; lastKnownFileType = sourcecode.c.objc; path = WCSearchFriendsViewController.m; sourceTree = "<group>"; };
		528D5B57212CF5130014FAAF /* back.png */ = {isa = PBXFileReference; lastKnownFileType = image.png; path = back.png; sourceTree = "<group>"; };
		528D5B59212CF93E0014FAAF /* WCPhoneLoginViewController.h */ = {isa = PBXFileReference; lastKnownFileType = sourcecode.c.h; path = WCPhoneLoginViewController.h; sourceTree = "<group>"; };
		528D5B5A212CF93E0014FAAF /* WCPhoneLoginViewController.m */ = {isa = PBXFileReference; lastKnownFileType = sourcecode.c.objc; path = WCPhoneLoginViewController.m; sourceTree = "<group>"; };
		5652D0930EE601B79204C051 /* libPods-WeChat.a */ = {isa = PBXFileReference; explicitFileType = archive.ar; includeInIndex = 0; path = "libPods-WeChat.a"; sourceTree = BUILT_PRODUCTS_DIR; };
		89C7010340AD25DD54FDAC4B /* Pods-WeChat.release.xcconfig */ = {isa = PBXFileReference; includeInIndex = 1; lastKnownFileType = text.xcconfig; name = "Pods-WeChat.release.xcconfig"; path = "Pods/Target Support Files/Pods-WeChat/Pods-WeChat.release.xcconfig"; sourceTree = "<group>"; };
/* End PBXFileReference section */

/* Begin PBXFrameworksBuildPhase section */
		521BF3382126563A00D9F58A /* Frameworks */ = {
			isa = PBXFrameworksBuildPhase;
			buildActionMask = 2147483647;
			files = (
				18AFBE82A1BD5E5364A67A1B /* libPods-WeChat.a in Frameworks */,
			);
			runOnlyForDeploymentPostprocessing = 0;
		};
		521BF3502126563C00D9F58A /* Frameworks */ = {
			isa = PBXFrameworksBuildPhase;
			buildActionMask = 2147483647;
			files = (
			);
			runOnlyForDeploymentPostprocessing = 0;
		};
		521BF35B2126563C00D9F58A /* Frameworks */ = {
			isa = PBXFrameworksBuildPhase;
			buildActionMask = 2147483647;
			files = (
			);
			runOnlyForDeploymentPostprocessing = 0;
		};
/* End PBXFrameworksBuildPhase section */

/* Begin PBXGroup section */
		521BF3322126563A00D9F58A = {
			isa = PBXGroup;
			children = (
				521BF33D2126563A00D9F58A /* WeChat */,
				521BF3562126563C00D9F58A /* WeChatTests */,
				521BF3612126563C00D9F58A /* WeChatUITests */,
				521BF33C2126563A00D9F58A /* Products */,
				CB07FB23E5E8B641C6ACE4B5 /* Pods */,
				CFDF5BA898E7F8DD5B51BB02 /* Frameworks */,
			);
			sourceTree = "<group>";
		};
		521BF33C2126563A00D9F58A /* Products */ = {
			isa = PBXGroup;
			children = (
				521BF33B2126563A00D9F58A /* WeChat.app */,
				521BF3532126563C00D9F58A /* WeChatTests.xctest */,
				521BF35E2126563C00D9F58A /* WeChatUITests.xctest */,
			);
			name = Products;
			sourceTree = "<group>";
		};
		521BF33D2126563A00D9F58A /* WeChat */ = {
			isa = PBXGroup;
			children = (
				521BF37921265D3E00D9F58A /* Util */,
				521BF37821265D2A00D9F58A /* Resources */,
				521BF37721265D1F00D9F58A /* Classes */,
				521BF37621265D0E00D9F58A /* Library */,
				521BF33E2126563A00D9F58A /* AppDelegate.h */,
				521BF33F2126563A00D9F58A /* AppDelegate.m */,
				521BF370212656FA00D9F58A /* WCBaseViewController.h */,
				521BF371212656FA00D9F58A /* WCBaseViewController.m */,
				521BF3472126563C00D9F58A /* Assets.xcassets */,
				521BF34C2126563C00D9F58A /* Info.plist */,
				521BF34D2126563C00D9F58A /* main.m */,
			);
			path = WeChat;
			sourceTree = "<group>";
		};
		521BF3562126563C00D9F58A /* WeChatTests */ = {
			isa = PBXGroup;
			children = (
				521BF3572126563C00D9F58A /* WeChatTests.m */,
				521BF3592126563C00D9F58A /* Info.plist */,
			);
			path = WeChatTests;
			sourceTree = "<group>";
		};
		521BF3612126563C00D9F58A /* WeChatUITests */ = {
			isa = PBXGroup;
			children = (
				521BF3622126563C00D9F58A /* WeChatUITests.m */,
				521BF3642126563C00D9F58A /* Info.plist */,
			);
			path = WeChatUITests;
			sourceTree = "<group>";
		};
		521BF37621265D0E00D9F58A /* Library */ = {
			isa = PBXGroup;
			children = (
			);
			path = Library;
			sourceTree = "<group>";
		};
		521BF37721265D1F00D9F58A /* Classes */ = {
			isa = PBXGroup;
			children = (
				528D5B16212A87FE0014FAAF /* 搜索 */,
				521BF3802126659500D9F58A /* 聊天 */,
				521BF37F2126657F00D9F58A /* 个人资料 */,
				521BF37E2126656400D9F58A /* 首页 */,
				521BF37A2126623900D9F58A /* 登录注册 */,
			);
			path = Classes;
			sourceTree = "<group>";
		};
		521BF37821265D2A00D9F58A /* Resources */ = {
			isa = PBXGroup;
			children = (
				528D5B57212CF5130014FAAF /* back.png */,
				521BF3852126A69D00D9F58A /* 蓝色选框-圆角.png */,
			);
			path = Resources;
			sourceTree = "<group>";
		};
		521BF37921265D3E00D9F58A /* Util */ = {
			isa = PBXGroup;
			children = (
				528D5B2D212AC65B0014FAAF /* Socket */,
				521BF3812126681D00D9F58A /* Utilities.h */,
				521BF3822126681D00D9F58A /* Utilities.m */,
			);
			path = Util;
			sourceTree = "<group>";
		};
		521BF37A2126623900D9F58A /* 登录注册 */ = {
			isa = PBXGroup;
			children = (
				528D5B3B212C15400014FAAF /* 登录界面 */,
				528D5B3A212C152A0014FAAF /* 手机注册 */,
			);
			path = "登录注册";
			sourceTree = "<group>";
		};
		521BF37E2126656400D9F58A /* 首页 */ = {
			isa = PBXGroup;
			children = (
				528D5B20212A8FC80014FAAF /* View */,
				528D5B1F212A8FBD0014FAAF /* Model */,
				528D5B1E212A8FA50014FAAF /* Controller */,
			);
			path = "首页";
			sourceTree = "<group>";
		};
		521BF37F2126657F00D9F58A /* 个人资料 */ = {
			isa = PBXGroup;
			children = (
				52E1B6A5212E9691000B0B11 /* 信息详情 */,
				528D5B4F212CF23C0014FAAF /* 搜索好友 */,
				528D5B42212CEE7C0014FAAF /* 通讯录 */,
				528D5B41212C16740014FAAF /* Model */,
				528D5B40212C166D0014FAAF /* View */,
				528D5B3F212C16610014FAAF /* Controller */,
			);
			path = "个人资料";
			sourceTree = "<group>";
		};
		521BF3802126659500D9F58A /* 聊天 */ = {
			isa = PBXGroup;
			children = (
				528D5B36212BF0310014FAAF /* View */,
				528D5B35212BF0280014FAAF /* Model */,
				528D5B34212BF01A0014FAAF /* Controller */,
			);
			path = "聊天";
			sourceTree = "<group>";
		};
		528D5B16212A87FE0014FAAF /* 搜索 */ = {
			isa = PBXGroup;
			children = (
				528D5B3E212C164D0014FAAF /* View */,
				528D5B3D212C16450014FAAF /* Model */,
				528D5B3C212C16380014FAAF /* Controller */,
				528D5B17212A88220014FAAF /* WCSearchListViewController.h */,
				528D5B18212A88220014FAAF /* WCSearchListViewController.m */,
			);
			path = "搜索";
			sourceTree = "<group>";
		};
		528D5B1E212A8FA50014FAAF /* Controller */ = {
			isa = PBXGroup;
			children = (
				528D5B0D212A6D370014FAAF /* WCTabBarController.h */,
				528D5B0E212A6D370014FAAF /* WCTabBarController.m */,
				528D5B1A212A8A6D0014FAAF /* WCTabBarNavigation.h */,
				528D5B1B212A8A6D0014FAAF /* WCTabBarNavigation.m */,
				528D5B2A212A98770014FAAF /* WCMainViewController.h */,
				528D5B2B212A98770014FAAF /* WCMainViewController.m */,
			);
			path = Controller;
			sourceTree = "<group>";
		};
		528D5B1F212A8FBD0014FAAF /* Model */ = {
			isa = PBXGroup;
			children = (
			);
			path = Model;
			sourceTree = "<group>";
		};
		528D5B20212A8FC80014FAAF /* View */ = {
			isa = PBXGroup;
			children = (
				528D5B31212BEC840014FAAF /* WCMainTableViewCell.h */,
				528D5B32212BEC840014FAAF /* WCMainTableViewCell.m */,
			);
			path = View;
			sourceTree = "<group>";
		};
		528D5B2D212AC65B0014FAAF /* Socket */ = {
			isa = PBXGroup;
			children = (
				528D5B2E212AC6CB0014FAAF /* WCSocketConnect.h */,
				528D5B2F212AC6CB0014FAAF /* WCSocketConnect.m */,
			);
			path = Socket;
			sourceTree = "<group>";
		};
		528D5B34212BF01A0014FAAF /* Controller */ = {
			isa = PBXGroup;
			children = (
				528D5B13212A87F60014FAAF /* WCChatListViewController.h */,
				528D5B14212A87F60014FAAF /* WCChatListViewController.m */,
			);
			path = Controller;
			sourceTree = "<group>";
		};
		528D5B35212BF0280014FAAF /* Model */ = {
			isa = PBXGroup;
			children = (
			);
			path = Model;
			sourceTree = "<group>";
		};
		528D5B36212BF0310014FAAF /* View */ = {
			isa = PBXGroup;
			children = (
				528D5B37212BF05F0014FAAF /* WCChatListTableViewCell.h */,
				528D5B38212BF05F0014FAAF /* WCChatListTableViewCell.m */,
			);
			path = View;
			sourceTree = "<group>";
		};
		528D5B3A212C152A0014FAAF /* 手机注册 */ = {
			isa = PBXGroup;
			children = (
				528D5B59212CF93E0014FAAF /* WCPhoneLoginViewController.h */,
				528D5B5A212CF93E0014FAAF /* WCPhoneLoginViewController.m */,
			);
			path = "手机注册";
			sourceTree = "<group>";
		};
		528D5B3B212C15400014FAAF /* 登录界面 */ = {
			isa = PBXGroup;
			children = (
				521BF37B2126627D00D9F58A /* WCLoginViewController.h */,
				521BF37C2126627D00D9F58A /* WCLoginViewController.m */,
				521BF3872126B56400D9F58A /* WCFrogetPasswordViewController.h */,
				521BF3882126B56400D9F58A /* WCFrogetPasswordViewController.m */,
				521BF38A2126B57F00D9F58A /* WCQuestionViewController.h */,
				521BF38B2126B57F00D9F58A /* WCQuestionViewController.m */,
			);
			path = "登录界面";
			sourceTree = "<group>";
		};
		528D5B3C212C16380014FAAF /* Controller */ = {
			isa = PBXGroup;
			children = (
			);
			path = Controller;
			sourceTree = "<group>";
		};
		528D5B3D212C16450014FAAF /* Model */ = {
			isa = PBXGroup;
			children = (
			);
			path = Model;
			sourceTree = "<group>";
		};
		528D5B3E212C164D0014FAAF /* View */ = {
			isa = PBXGroup;
			children = (
			);
			path = View;
			sourceTree = "<group>";
		};
		528D5B3F212C16610014FAAF /* Controller */ = {
			isa = PBXGroup;
			children = (
				528D5B10212A87DA0014FAAF /* WCMyDetailViewController.h */,
				528D5B11212A87DA0014FAAF /* WCMyDetailViewController.m */,
			);
			path = Controller;
			sourceTree = "<group>";
		};
		528D5B40212C166D0014FAAF /* View */ = {
			isa = PBXGroup;
			children = (
			);
			path = View;
			sourceTree = "<group>";
		};
		528D5B41212C16740014FAAF /* Model */ = {
			isa = PBXGroup;
			children = (
			);
			path = Model;
			sourceTree = "<group>";
		};
		528D5B42212CEE7C0014FAAF /* 通讯录 */ = {
			isa = PBXGroup;
			children = (
				528D5B45212CEEB00014FAAF /* Model */,
				528D5B44212CEEA50014FAAF /* View */,
				528D5B43212CEE9C0014FAAF /* Controller */,
			);
			path = "通讯录";
			sourceTree = "<group>";
		};
		528D5B43212CEE9C0014FAAF /* Controller */ = {
			isa = PBXGroup;
			children = (
				528D5B49212CF0A30014FAAF /* WCMessageViewController.h */,
				528D5B4A212CF0A30014FAAF /* WCMessageViewController.m */,
			);
			path = Controller;
			sourceTree = "<group>";
		};
		528D5B44212CEEA50014FAAF /* View */ = {
			isa = PBXGroup;
			children = (
				528D5B4C212CF0D70014FAAF /* WCMessageTableViewCell.h */,
				528D5B4D212CF0D70014FAAF /* WCMessageTableViewCell.m */,
			);
			path = View;
			sourceTree = "<group>";
		};
		528D5B45212CEEB00014FAAF /* Model */ = {
			isa = PBXGroup;
			children = (
			);
			path = Model;
			sourceTree = "<group>";
		};
		528D5B4F212CF23C0014FAAF /* 搜索好友 */ = {
			isa = PBXGroup;
			children = (
				528D5B52212CF25B0014FAAF /* View */,
				528D5B51212CF2550014FAAF /* Model */,
				528D5B50212CF24B0014FAAF /* Controller */,
			);
			path = "搜索好友";
			sourceTree = "<group>";
		};
		528D5B50212CF24B0014FAAF /* Controller */ = {
			isa = PBXGroup;
			children = (
				528D5B54212CF28D0014FAAF /* WCSearchFriendsViewController.h */,
				528D5B55212CF28D0014FAAF /* WCSearchFriendsViewController.m */,
			);
			path = Controller;
			sourceTree = "<group>";
		};
		528D5B51212CF2550014FAAF /* Model */ = {
			isa = PBXGroup;
			children = (
			);
			path = Model;
			sourceTree = "<group>";
		};
		528D5B52212CF25B0014FAAF /* View */ = {
			isa = PBXGroup;
			children = (
			);
			path = View;
			sourceTree = "<group>";
		};
		52E1B6A5212E9691000B0B11 /* 信息详情 */ = {
			isa = PBXGroup;
			children = (
				52E1B6A8212E96B8000B0B11 /* Model */,
				52E1B6A7212E96B0000B0B11 /* View */,
				52E1B6A6212E96A4000B0B11 /* Controller */,
			);
			path = "信息详情";
			sourceTree = "<group>";
		};
		52E1B6A6212E96A4000B0B11 /* Controller */ = {
			isa = PBXGroup;
			children = (
			);
			path = Controller;
			sourceTree = "<group>";
		};
		52E1B6A7212E96B0000B0B11 /* View */ = {
			isa = PBXGroup;
			children = (
			);
			path = View;
			sourceTree = "<group>";
		};
		52E1B6A8212E96B8000B0B11 /* Model */ = {
			isa = PBXGroup;
			children = (
			);
			path = Model;
			sourceTree = "<group>";
		};
		CB07FB23E5E8B641C6ACE4B5 /* Pods */ = {
			isa = PBXGroup;
			children = (
				5275E675A0D8B93E609394C7 /* Pods-WeChat.debug.xcconfig */,
				89C7010340AD25DD54FDAC4B /* Pods-WeChat.release.xcconfig */,
			);
			name = Pods;
			sourceTree = "<group>";
		};
		CFDF5BA898E7F8DD5B51BB02 /* Frameworks */ = {
			isa = PBXGroup;
			children = (
				5652D0930EE601B79204C051 /* libPods-WeChat.a */,
			);
			name = Frameworks;
			sourceTree = "<group>";
		};
/* End PBXGroup section */

/* Begin PBXNativeTarget section */
		521BF33A2126563A00D9F58A /* WeChat */ = {
			isa = PBXNativeTarget;
			buildConfigurationList = 521BF3672126563C00D9F58A /* Build configuration list for PBXNativeTarget "WeChat" */;
			buildPhases = (
				F84B6C1B6C6F40CA6CBEB9E0 /* [CP] Check Pods Manifest.lock */,
				521BF3372126563A00D9F58A /* Sources */,
				521BF3382126563A00D9F58A /* Frameworks */,
				521BF3392126563A00D9F58A /* Resources */,
			);
			buildRules = (
			);
			dependencies = (
			);
			name = WeChat;
			productName = WeChat;
			productReference = 521BF33B2126563A00D9F58A /* WeChat.app */;
			productType = "com.apple.product-type.application";
		};
		521BF3522126563C00D9F58A /* WeChatTests */ = {
			isa = PBXNativeTarget;
			buildConfigurationList = 521BF36A2126563C00D9F58A /* Build configuration list for PBXNativeTarget "WeChatTests" */;
			buildPhases = (
				521BF34F2126563C00D9F58A /* Sources */,
				521BF3502126563C00D9F58A /* Frameworks */,
				521BF3512126563C00D9F58A /* Resources */,
			);
			buildRules = (
			);
			dependencies = (
				521BF3552126563C00D9F58A /* PBXTargetDependency */,
			);
			name = WeChatTests;
			productName = WeChatTests;
			productReference = 521BF3532126563C00D9F58A /* WeChatTests.xctest */;
			productType = "com.apple.product-type.bundle.unit-test";
		};
		521BF35D2126563C00D9F58A /* WeChatUITests */ = {
			isa = PBXNativeTarget;
			buildConfigurationList = 521BF36D2126563C00D9F58A /* Build configuration list for PBXNativeTarget "WeChatUITests" */;
			buildPhases = (
				521BF35A2126563C00D9F58A /* Sources */,
				521BF35B2126563C00D9F58A /* Frameworks */,
				521BF35C2126563C00D9F58A /* Resources */,
			);
			buildRules = (
			);
			dependencies = (
				521BF3602126563C00D9F58A /* PBXTargetDependency */,
			);
			name = WeChatUITests;
			productName = WeChatUITests;
			productReference = 521BF35E2126563C00D9F58A /* WeChatUITests.xctest */;
			productType = "com.apple.product-type.bundle.ui-testing";
		};
/* End PBXNativeTarget section */

/* Begin PBXProject section */
		521BF3332126563A00D9F58A /* Project object */ = {
			isa = PBXProject;
			attributes = {
				LastUpgradeCheck = 0940;
				ORGANIZATIONNAME = SkyFly;
				TargetAttributes = {
					521BF33A2126563A00D9F58A = {
						CreatedOnToolsVersion = 9.4.1;
					};
					521BF3522126563C00D9F58A = {
						CreatedOnToolsVersion = 9.4.1;
						TestTargetID = 521BF33A2126563A00D9F58A;
					};
					521BF35D2126563C00D9F58A = {
						CreatedOnToolsVersion = 9.4.1;
						TestTargetID = 521BF33A2126563A00D9F58A;
					};
				};
			};
			buildConfigurationList = 521BF3362126563A00D9F58A /* Build configuration list for PBXProject "WeChat" */;
			compatibilityVersion = "Xcode 9.3";
			developmentRegion = en;
			hasScannedForEncodings = 0;
			knownRegions = (
				en,
				Base,
			);
			mainGroup = 521BF3322126563A00D9F58A;
			productRefGroup = 521BF33C2126563A00D9F58A /* Products */;
			projectDirPath = "";
			projectRoot = "";
			targets = (
				521BF33A2126563A00D9F58A /* WeChat */,
				521BF3522126563C00D9F58A /* WeChatTests */,
				521BF35D2126563C00D9F58A /* WeChatUITests */,
			);
		};
/* End PBXProject section */

/* Begin PBXResourcesBuildPhase section */
		521BF3392126563A00D9F58A /* Resources */ = {
			isa = PBXResourcesBuildPhase;
			buildActionMask = 2147483647;
			files = (
				521BF3482126563C00D9F58A /* Assets.xcassets in Resources */,
				521BF3862126A69D00D9F58A /* 蓝色选框-圆角.png in Resources */,
				528D5B58212CF5130014FAAF /* back.png in Resources */,
			);
			runOnlyForDeploymentPostprocessing = 0;
		};
		521BF3512126563C00D9F58A /* Resources */ = {
			isa = PBXResourcesBuildPhase;
			buildActionMask = 2147483647;
			files = (
			);
			runOnlyForDeploymentPostprocessing = 0;
		};
		521BF35C2126563C00D9F58A /* Resources */ = {
			isa = PBXResourcesBuildPhase;
			buildActionMask = 2147483647;
			files = (
			);
			runOnlyForDeploymentPostprocessing = 0;
		};
/* End PBXResourcesBuildPhase section */

/* Begin PBXShellScriptBuildPhase section */
		F84B6C1B6C6F40CA6CBEB9E0 /* [CP] Check Pods Manifest.lock */ = {
			isa = PBXShellScriptBuildPhase;
			buildActionMask = 2147483647;
			files = (
			);
			inputPaths = (
				"${PODS_PODFILE_DIR_PATH}/Podfile.lock",
				"${PODS_ROOT}/Manifest.lock",
			);
			name = "[CP] Check Pods Manifest.lock";
			outputPaths = (
				"$(DERIVED_FILE_DIR)/Pods-WeChat-checkManifestLockResult.txt",
			);
			runOnlyForDeploymentPostprocessing = 0;
			shellPath = /bin/sh;
			shellScript = "diff \"${PODS_PODFILE_DIR_PATH}/Podfile.lock\" \"${PODS_ROOT}/Manifest.lock\" > /dev/null\nif [ $? != 0 ] ; then\n    # print error to STDERR\n    echo \"error: The sandbox is not in sync with the Podfile.lock. Run 'pod install' or update your CocoaPods installation.\" >&2\n    exit 1\nfi\n# This output is used by Xcode 'outputs' to avoid re-running this script phase.\necho \"SUCCESS\" > \"${SCRIPT_OUTPUT_FILE_0}\"\n";
			showEnvVarsInLog = 0;
		};
/* End PBXShellScriptBuildPhase section */

/* Begin PBXSourcesBuildPhase section */
		521BF3372126563A00D9F58A /* Sources */ = {
			isa = PBXSourcesBuildPhase;
			buildActionMask = 2147483647;
			files = (
				521BF3892126B56400D9F58A /* WCFrogetPasswordViewController.m in Sources */,
				521BF3832126681D00D9F58A /* Utilities.m in Sources */,
				521BF372212656FA00D9F58A /* WCBaseViewController.m in Sources */,
				521BF34E2126563C00D9F58A /* main.m in Sources */,
				528D5B1C212A8A6D0014FAAF /* WCTabBarNavigation.m in Sources */,
				521BF3402126563A00D9F58A /* AppDelegate.m in Sources */,
				528D5B12212A87DA0014FAAF /* WCMyDetailViewController.m in Sources */,
				528D5B56212CF28D0014FAAF /* WCSearchFriendsViewController.m in Sources */,
				528D5B4E212CF0D70014FAAF /* WCMessageTableViewCell.m in Sources */,
				528D5B30212AC6CB0014FAAF /* WCSocketConnect.m in Sources */,
				528D5B4B212CF0A30014FAAF /* WCMessageViewController.m in Sources */,
				528D5B2C212A98770014FAAF /* WCMainViewController.m in Sources */,
				528D5B33212BEC840014FAAF /* WCMainTableViewCell.m in Sources */,
				528D5B15212A87F60014FAAF /* WCChatListViewController.m in Sources */,
				528D5B0F212A6D370014FAAF /* WCTabBarController.m in Sources */,
				528D5B5B212CF93E0014FAAF /* WCPhoneLoginViewController.m in Sources */,
				521BF38C2126B57F00D9F58A /* WCQuestionViewController.m in Sources */,
				528D5B39212BF05F0014FAAF /* WCChatListTableViewCell.m in Sources */,
				528D5B19212A88220014FAAF /* WCSearchListViewController.m in Sources */,
				521BF37D2126627D00D9F58A /* WCLoginViewController.m in Sources */,
			);
			runOnlyForDeploymentPostprocessing = 0;
		};
		521BF34F2126563C00D9F58A /* Sources */ = {
			isa = PBXSourcesBuildPhase;
			buildActionMask = 2147483647;
			files = (
				521BF3582126563C00D9F58A /* WeChatTests.m in Sources */,
			);
			runOnlyForDeploymentPostprocessing = 0;
		};
		521BF35A2126563C00D9F58A /* Sources */ = {
			isa = PBXSourcesBuildPhase;
			buildActionMask = 2147483647;
			files = (
				521BF3632126563C00D9F58A /* WeChatUITests.m in Sources */,
			);
			runOnlyForDeploymentPostprocessing = 0;
		};
/* End PBXSourcesBuildPhase section */

/* Begin PBXTargetDependency section */
		521BF3552126563C00D9F58A /* PBXTargetDependency */ = {
			isa = PBXTargetDependency;
			target = 521BF33A2126563A00D9F58A /* WeChat */;
			targetProxy = 521BF3542126563C00D9F58A /* PBXContainerItemProxy */;
		};
		521BF3602126563C00D9F58A /* PBXTargetDependency */ = {
			isa = PBXTargetDependency;
			target = 521BF33A2126563A00D9F58A /* WeChat */;
			targetProxy = 521BF35F2126563C00D9F58A /* PBXContainerItemProxy */;
		};
/* End PBXTargetDependency section */

/* Begin XCBuildConfiguration section */
		521BF3652126563C00D9F58A /* Debug */ = {
			isa = XCBuildConfiguration;
			buildSettings = {
				ALWAYS_SEARCH_USER_PATHS = NO;
				CLANG_ANALYZER_NONNULL = YES;
				CLANG_ANALYZER_NUMBER_OBJECT_CONVERSION = YES_AGGRESSIVE;
				CLANG_CXX_LANGUAGE_STANDARD = "gnu++14";
				CLANG_CXX_LIBRARY = "libc++";
				CLANG_ENABLE_MODULES = YES;
				CLANG_ENABLE_OBJC_ARC = YES;
				CLANG_ENABLE_OBJC_WEAK = YES;
				CLANG_WARN_BLOCK_CAPTURE_AUTORELEASING = YES;
				CLANG_WARN_BOOL_CONVERSION = YES;
				CLANG_WARN_COMMA = YES;
				CLANG_WARN_CONSTANT_CONVERSION = YES;
				CLANG_WARN_DEPRECATED_OBJC_IMPLEMENTATIONS = YES;
				CLANG_WARN_DIRECT_OBJC_ISA_USAGE = YES_ERROR;
				CLANG_WARN_DOCUMENTATION_COMMENTS = YES;
				CLANG_WARN_EMPTY_BODY = YES;
				CLANG_WARN_ENUM_CONVERSION = YES;
				CLANG_WARN_INFINITE_RECURSION = YES;
				CLANG_WARN_INT_CONVERSION = YES;
				CLANG_WARN_NON_LITERAL_NULL_CONVERSION = YES;
				CLANG_WARN_OBJC_IMPLICIT_RETAIN_SELF = YES;
				CLANG_WARN_OBJC_LITERAL_CONVERSION = YES;
				CLANG_WARN_OBJC_ROOT_CLASS = YES_ERROR;
				CLANG_WARN_RANGE_LOOP_ANALYSIS = YES;
				CLANG_WARN_STRICT_PROTOTYPES = YES;
				CLANG_WARN_SUSPICIOUS_MOVE = YES;
				CLANG_WARN_UNGUARDED_AVAILABILITY = YES_AGGRESSIVE;
				CLANG_WARN_UNREACHABLE_CODE = YES;
				CLANG_WARN__DUPLICATE_METHOD_MATCH = YES;
				CODE_SIGN_IDENTITY = "iPhone Developer";
				COPY_PHASE_STRIP = NO;
				DEBUG_INFORMATION_FORMAT = dwarf;
				ENABLE_STRICT_OBJC_MSGSEND = YES;
				ENABLE_TESTABILITY = YES;
				GCC_C_LANGUAGE_STANDARD = gnu11;
				GCC_DYNAMIC_NO_PIC = NO;
				GCC_NO_COMMON_BLOCKS = YES;
				GCC_OPTIMIZATION_LEVEL = 0;
				GCC_PREPROCESSOR_DEFINITIONS = (
					"DEBUG=1",
					"$(inherited)",
				);
				GCC_WARN_64_TO_32_BIT_CONVERSION = YES;
				GCC_WARN_ABOUT_RETURN_TYPE = YES_ERROR;
				GCC_WARN_UNDECLARED_SELECTOR = YES;
				GCC_WARN_UNINITIALIZED_AUTOS = YES_AGGRESSIVE;
				GCC_WARN_UNUSED_FUNCTION = YES;
				GCC_WARN_UNUSED_VARIABLE = YES;
				IPHONEOS_DEPLOYMENT_TARGET = 11.4;
				MTL_ENABLE_DEBUG_INFO = YES;
				ONLY_ACTIVE_ARCH = YES;
				SDKROOT = iphoneos;
			};
			name = Debug;
		};
		521BF3662126563C00D9F58A /* Release */ = {
			isa = XCBuildConfiguration;
			buildSettings = {
				ALWAYS_SEARCH_USER_PATHS = NO;
				CLANG_ANALYZER_NONNULL = YES;
				CLANG_ANALYZER_NUMBER_OBJECT_CONVERSION = YES_AGGRESSIVE;
				CLANG_CXX_LANGUAGE_STANDARD = "gnu++14";
				CLANG_CXX_LIBRARY = "libc++";
				CLANG_ENABLE_MODULES = YES;
				CLANG_ENABLE_OBJC_ARC = YES;
				CLANG_ENABLE_OBJC_WEAK = YES;
				CLANG_WARN_BLOCK_CAPTURE_AUTORELEASING = YES;
				CLANG_WARN_BOOL_CONVERSION = YES;
				CLANG_WARN_COMMA = YES;
				CLANG_WARN_CONSTANT_CONVERSION = YES;
				CLANG_WARN_DEPRECATED_OBJC_IMPLEMENTATIONS = YES;
				CLANG_WARN_DIRECT_OBJC_ISA_USAGE = YES_ERROR;
				CLANG_WARN_DOCUMENTATION_COMMENTS = YES;
				CLANG_WARN_EMPTY_BODY = YES;
				CLANG_WARN_ENUM_CONVERSION = YES;
				CLANG_WARN_INFINITE_RECURSION = YES;
				CLANG_WARN_INT_CONVERSION = YES;
				CLANG_WARN_NON_LITERAL_NULL_CONVERSION = YES;
				CLANG_WARN_OBJC_IMPLICIT_RETAIN_SELF = YES;
				CLANG_WARN_OBJC_LITERAL_CONVERSION = YES;
				CLANG_WARN_OBJC_ROOT_CLASS = YES_ERROR;
				CLANG_WARN_RANGE_LOOP_ANALYSIS = YES;
				CLANG_WARN_STRICT_PROTOTYPES = YES;
				CLANG_WARN_SUSPICIOUS_MOVE = YES;
				CLANG_WARN_UNGUARDED_AVAILABILITY = YES_AGGRESSIVE;
				CLANG_WARN_UNREACHABLE_CODE = YES;
				CLANG_WARN__DUPLICATE_METHOD_MATCH = YES;
				CODE_SIGN_IDENTITY = "iPhone Developer";
				COPY_PHASE_STRIP = NO;
				DEBUG_INFORMATION_FORMAT = "dwarf-with-dsym";
				ENABLE_NS_ASSERTIONS = NO;
				ENABLE_STRICT_OBJC_MSGSEND = YES;
				GCC_C_LANGUAGE_STANDARD = gnu11;
				GCC_NO_COMMON_BLOCKS = YES;
				GCC_WARN_64_TO_32_BIT_CONVERSION = YES;
				GCC_WARN_ABOUT_RETURN_TYPE = YES_ERROR;
				GCC_WARN_UNDECLARED_SELECTOR = YES;
				GCC_WARN_UNINITIALIZED_AUTOS = YES_AGGRESSIVE;
				GCC_WARN_UNUSED_FUNCTION = YES;
				GCC_WARN_UNUSED_VARIABLE = YES;
				IPHONEOS_DEPLOYMENT_TARGET = 11.4;
				MTL_ENABLE_DEBUG_INFO = NO;
				SDKROOT = iphoneos;
				VALIDATE_PRODUCT = YES;
			};
			name = Release;
		};
		521BF3682126563C00D9F58A /* Debug */ = {
			isa = XCBuildConfiguration;
			baseConfigurationReference = 5275E675A0D8B93E609394C7 /* Pods-WeChat.debug.xcconfig */;
			buildSettings = {
				ASSETCATALOG_COMPILER_APPICON_NAME = AppIcon;
				ASSETCATALOG_COMPILER_LAUNCHIMAGE_NAME = LaunchImage;
				CODE_SIGN_STYLE = Automatic;
				DEVELOPMENT_TEAM = 9YME369D6D;
				INFOPLIST_FILE = WeChat/Info.plist;
				IPHONEOS_DEPLOYMENT_TARGET = 8.0;
				LD_RUNPATH_SEARCH_PATHS = (
					"$(inherited)",
					"@executable_path/Frameworks",
				);
				PRODUCT_BUNDLE_IDENTIFIER = SkyFly.WeChat;
				PRODUCT_NAME = "$(TARGET_NAME)";
				TARGETED_DEVICE_FAMILY = 1;
			};
			name = Debug;
		};
		521BF3692126563C00D9F58A /* Release */ = {
			isa = XCBuildConfiguration;
			baseConfigurationReference = 89C7010340AD25DD54FDAC4B /* Pods-WeChat.release.xcconfig */;
			buildSettings = {
				ASSETCATALOG_COMPILER_APPICON_NAME = AppIcon;
				ASSETCATALOG_COMPILER_LAUNCHIMAGE_NAME = LaunchImage;
				CODE_SIGN_STYLE = Automatic;
				DEVELOPMENT_TEAM = 9YME369D6D;
				INFOPLIST_FILE = WeChat/Info.plist;
				IPHONEOS_DEPLOYMENT_TARGET = 8.0;
				LD_RUNPATH_SEARCH_PATHS = (
					"$(inherited)",
					"@executable_path/Frameworks",
				);
				PRODUCT_BUNDLE_IDENTIFIER = SkyFly.WeChat;
				PRODUCT_NAME = "$(TARGET_NAME)";
				TARGETED_DEVICE_FAMILY = 1;
			};
			name = Release;
		};
		521BF36B2126563C00D9F58A /* Debug */ = {
			isa = XCBuildConfiguration;
			buildSettings = {
				BUNDLE_LOADER = "$(TEST_HOST)";
				CODE_SIGN_STYLE = Automatic;
				DEVELOPMENT_TEAM = 9YME369D6D;
				INFOPLIST_FILE = WeChatTests/Info.plist;
				LD_RUNPATH_SEARCH_PATHS = (
					"$(inherited)",
					"@executable_path/Frameworks",
					"@loader_path/Frameworks",
				);
				PRODUCT_BUNDLE_IDENTIFIER = SkyFly.WeChatTests;
				PRODUCT_NAME = "$(TARGET_NAME)";
				TARGETED_DEVICE_FAMILY = "1,2";
				TEST_HOST = "$(BUILT_PRODUCTS_DIR)/WeChat.app/WeChat";
			};
			name = Debug;
		};
		521BF36C2126563C00D9F58A /* Release */ = {
			isa = XCBuildConfiguration;
			buildSettings = {
				BUNDLE_LOADER = "$(TEST_HOST)";
				CODE_SIGN_STYLE = Automatic;
				DEVELOPMENT_TEAM = 9YME369D6D;
				INFOPLIST_FILE = WeChatTests/Info.plist;
				LD_RUNPATH_SEARCH_PATHS = (
					"$(inherited)",
					"@executable_path/Frameworks",
					"@loader_path/Frameworks",
				);
				PRODUCT_BUNDLE_IDENTIFIER = SkyFly.WeChatTests;
				PRODUCT_NAME = "$(TARGET_NAME)";
				TARGETED_DEVICE_FAMILY = "1,2";
				TEST_HOST = "$(BUILT_PRODUCTS_DIR)/WeChat.app/WeChat";
			};
			name = Release;
		};
		521BF36E2126563C00D9F58A /* Debug */ = {
			isa = XCBuildConfiguration;
			buildSettings = {
				CODE_SIGN_STYLE = Automatic;
				DEVELOPMENT_TEAM = 9YME369D6D;
				INFOPLIST_FILE = WeChatUITests/Info.plist;
				LD_RUNPATH_SEARCH_PATHS = (
					"$(inherited)",
					"@executable_path/Frameworks",
					"@loader_path/Frameworks",
				);
				PRODUCT_BUNDLE_IDENTIFIER = SkyFly.WeChatUITests;
				PRODUCT_NAME = "$(TARGET_NAME)";
				TARGETED_DEVICE_FAMILY = "1,2";
				TEST_TARGET_NAME = WeChat;
			};
			name = Debug;
		};
		521BF36F2126563C00D9F58A /* Release */ = {
			isa = XCBuildConfiguration;
			buildSettings = {
				CODE_SIGN_STYLE = Automatic;
				DEVELOPMENT_TEAM = 9YME369D6D;
				INFOPLIST_FILE = WeChatUITests/Info.plist;
				LD_RUNPATH_SEARCH_PATHS = (
					"$(inherited)",
					"@executable_path/Frameworks",
					"@loader_path/Frameworks",
				);
				PRODUCT_BUNDLE_IDENTIFIER = SkyFly.WeChatUITests;
				PRODUCT_NAME = "$(TARGET_NAME)";
				TARGETED_DEVICE_FAMILY = "1,2";
				TEST_TARGET_NAME = WeChat;
			};
			name = Release;
		};
/* End XCBuildConfiguration section */

/* Begin XCConfigurationList section */
		521BF3362126563A00D9F58A /* Build configuration list for PBXProject "WeChat" */ = {
			isa = XCConfigurationList;
			buildConfigurations = (
				521BF3652126563C00D9F58A /* Debug */,
				521BF3662126563C00D9F58A /* Release */,
			);
			defaultConfigurationIsVisible = 0;
			defaultConfigurationName = Release;
		};
		521BF3672126563C00D9F58A /* Build configuration list for PBXNativeTarget "WeChat" */ = {
			isa = XCConfigurationList;
			buildConfigurations = (
				521BF3682126563C00D9F58A /* Debug */,
				521BF3692126563C00D9F58A /* Release */,
			);
			defaultConfigurationIsVisible = 0;
			defaultConfigurationName = Release;
		};
		521BF36A2126563C00D9F58A /* Build configuration list for PBXNativeTarget "WeChatTests" */ = {
			isa = XCConfigurationList;
			buildConfigurations = (
				521BF36B2126563C00D9F58A /* Debug */,
				521BF36C2126563C00D9F58A /* Release */,
			);
			defaultConfigurationIsVisible = 0;
			defaultConfigurationName = Release;
		};
		521BF36D2126563C00D9F58A /* Build configuration list for PBXNativeTarget "WeChatUITests" */ = {
			isa = XCConfigurationList;
			buildConfigurations = (
				521BF36E2126563C00D9F58A /* Debug */,
				521BF36F2126563C00D9F58A /* Release */,
			);
			defaultConfigurationIsVisible = 0;
			defaultConfigurationName = Release;
		};
/* End XCConfigurationList section */
	};
	rootObject = 521BF3332126563A00D9F58A /* Project object */;
}
